
Microsoft Visual Studio Solution File, Format Version 12.00
# Visual Studio 15
VisualStudioVersion = 15.0.27703.2026
MinimumVisualStudioVersion = 10.0.40219.1
Project("{9A19103F-16F7-4668-BE54-9A1E7A4F7556}") = "SpaceGame", "SpaceGame\SpaceGame.csproj", "{8B926E25-CEBB-4FCA-89B2-C1DF2C1CD188}"
EndProject
Project("{FAE04EC0-301F-11D3-BF4B-00C04F79EFBC}") = "SpaceGame.Test", "SpaceGame.Test\SpaceGame.Test.csproj", "{A911AEB0-D168-42EB-A0A2-229D63A00920}"
EndProject
Global
	GlobalSection(SolutionConfigurationPlatforms) = preSolution
		Debug|Any CPU = Debug|Any CPU
		Release|Any CPU = Release|Any CPU
	EndGlobalSection
	GlobalSection(ProjectConfigurationPlatforms) = postSolution
		{8B926E25-CEBB-4FCA-89B2-C1DF2C1CD188}.Debug|Any CPU.ActiveCfg = Debug|Any CPU
		{8B926E25-CEBB-4FCA-89B2-C1DF2C1CD188}.Debug|Any CPU.Build.0 = Debug|Any CPU
		{8B926E25-CEBB-4FCA-89B2-C1DF2C1CD188}.Release|Any CPU.ActiveCfg = Release|Any CPU
		{8B926E25-CEBB-4FCA-89B2-C1DF2C1CD188}.Release|Any CPU.Build.0 = Release|Any CPU
		{A911AEB0-D168-42EB-A0A2-229D63A00920}.Debug|Any CPU.ActiveCfg = Debug|Any CPU
		{A911AEB0-D168-42EB-A0A2-229D63A00920}.Debug|Any CPU.Build.0 = Debug|Any CPU
		{A911AEB0-D168-42EB-A0A2-229D63A00920}.Release|Any CPU.ActiveCfg = Release|Any CPU
		{A911AEB0-D168-42EB-A0A2-229D63A00920}.Release|Any CPU.Build.0 = Release|Any CPU
	EndGlobalSection
	GlobalSection(SolutionProperties) = preSolution
		HideSolutionNode = FALSE
	EndGlobalSection
	GlobalSection(ExtensibilityGlobals) = postSolution
		SolutionGuid = {60E9AE87-F005-4A92-831B-BC5E839E6EE4}
	EndGlobalSection
EndGlobal
